
Microsoft Visual Studio Solution File, Format Version 12.00
# Visual Studio 15
VisualStudioVersion = 15.0.28010.2016
MinimumVisualStudioVersion = 10.0.40219.1
Project("{FAE04EC0-301F-11D3-BF4B-00C04F79EFBC}") = "ApiClinica", "ApiClinica\ApiClinica.csproj", "{64FC1420-FD6F-4271-AAF6-9ADA9A282787}"
EndProject
Global
	GlobalSection(SolutionConfigurationPlatforms) = preSolution
		Debug|Any CPU = Debug|Any CPU
		Release|Any CPU = Release|Any CPU
	EndGlobalSection
	GlobalSection(ProjectConfigurationPlatforms) = postSolution
		{64FC1420-FD6F-4271-AAF6-9ADA9A282787}.Debug|Any CPU.ActiveCfg = Debug|Any CPU
		{64FC1420-FD6F-4271-AAF6-9ADA9A282787}.Debug|Any CPU.Build.0 = Debug|Any CPU
		{64FC1420-FD6F-4271-AAF6-9ADA9A282787}.Release|Any CPU.ActiveCfg = Release|Any CPU
		{64FC1420-FD6F-4271-AAF6-9ADA9A282787}.Release|Any CPU.Build.0 = Release|Any CPU
	EndGlobalSection
	GlobalSection(SolutionProperties) = preSolution
		HideSolutionNode = FALSE
	EndGlobalSection
	GlobalSection(ExtensibilityGlobals) = postSolution
		SolutionGuid = {B9949E76-DCBE-4674-814F-4A7F68E12EA1}
	EndGlobalSection
EndGlobal
